
Microsoft Visual Studio Solution File, Format Version 12.00
# Visual Studio Version 17
VisualStudioVersion = 17.11.35222.181
MinimumVisualStudioVersion = 10.0.40219.1
Project("{9A19103F-16F7-4668-BE54-9A1E7A4F7556}") = "MenuVoting.WebApi", "MenuVoting.WebApi\MenuVoting.WebApi.csproj", "{F3530302-AAEA-4069-9D79-C8D21651A1D6}"
EndProject
Project("{9A19103F-16F7-4668-BE54-9A1E7A4F7556}") = "MenuVoting.DataAccess", "MenuVoting.DataAccess\MenuVoting.DataAccess.csproj", "{D73E8C72-7543-4DE6-811D-ABE484E2E82D}"
EndProject
Global
	GlobalSection(SolutionConfigurationPlatforms) = preSolution
		Debug|Any CPU = Debug|Any CPU
		Release|Any CPU = Release|Any CPU
	EndGlobalSection
	GlobalSection(ProjectConfigurationPlatforms) = postSolution
		{F3530302-AAEA-4069-9D79-C8D21651A1D6}.Debug|Any CPU.ActiveCfg = Debug|Any CPU
		{F3530302-AAEA-4069-9D79-C8D21651A1D6}.Debug|Any CPU.Build.0 = Debug|Any CPU
		{F3530302-AAEA-4069-9D79-C8D21651A1D6}.Release|Any CPU.ActiveCfg = Release|Any CPU
		{F3530302-AAEA-4069-9D79-C8D21651A1D6}.Release|Any CPU.Build.0 = Release|Any CPU
		{D73E8C72-7543-4DE6-811D-ABE484E2E82D}.Debug|Any CPU.ActiveCfg = Debug|Any CPU
		{D73E8C72-7543-4DE6-811D-ABE484E2E82D}.Debug|Any CPU.Build.0 = Debug|Any CPU
		{D73E8C72-7543-4DE6-811D-ABE484E2E82D}.Release|Any CPU.ActiveCfg = Release|Any CPU
		{D73E8C72-7543-4DE6-811D-ABE484E2E82D}.Release|Any CPU.Build.0 = Release|Any CPU
	EndGlobalSection
	GlobalSection(SolutionProperties) = preSolution
		HideSolutionNode = FALSE
	EndGlobalSection
	GlobalSection(ExtensibilityGlobals) = postSolution
		SolutionGuid = {3919889A-EBD4-4CC8-8D6E-A8E2CF81CE53}
	EndGlobalSection
EndGlobal
